// !$*UTF8*$!
{
	archiveVersion = 1;
	classes = {
	};
	objectVersion = 46;
	objects = {

/* Begin PBXBuildFile section */
		133BCCA91A0F41CD0026023D /* UBCard.m in Sources */ = {isa = PBXBuildFile; fileRef = 133BCCA01A0F41CD0026023D /* UBCard.m */; };
		133BCCAA1A0F41CD0026023D /* UBBoard.m in Sources */ = {isa = PBXBuildFile; fileRef = 133BCCA41A0F41CD0026023D /* UBBoard.m */; };
		133BCCAB1A0F41CD0026023D /* UBPlayer.m in Sources */ = {isa = PBXBuildFile; fileRef = 133BCCA61A0F41CD0026023D /* UBPlayer.m */; };
		133BCCAC1A0F41CD0026023D /* UBGame.m in Sources */ = {isa = PBXBuildFile; fileRef = 133BCCA71A0F41CD0026023D /* UBGame.m */; };
		133BCCAD1A0F41CD0026023D /* UBCreature.m in Sources */ = {isa = PBXBuildFile; fileRef = 133BCCA81A0F41CD0026023D /* UBCreature.m */; };
		133BCCB01A0F44660026023D /* UBSpace.m in Sources */ = {isa = PBXBuildFile; fileRef = 133BCCAF1A0F44660026023D /* UBSpace.m */; };
		133BCCB21A0F4F630026023D /* cards.plist in Resources */ = {isa = PBXBuildFile; fileRef = 133BCCB11A0F4F630026023D /* cards.plist */; };
		133BCCB41A0F50600026023D /* statusEffects.plist in Resources */ = {isa = PBXBuildFile; fileRef = 133BCCB31A0F50600026023D /* statusEffects.plist */; };
		1890E52F8B997666001E6434 /* libPods.a in Frameworks */ = {isa = PBXBuildFile; fileRef = B8439F5EC4DE85BEDAB0EC52 /* libPods.a */; };
		233937071A0FB7F600A46160 /* board-bg.jpg in Resources */ = {isa = PBXBuildFile; fileRef = 233936E11A0FB7F600A46160 /* board-bg.jpg */; };
		233937081A0FB7F600A46160 /* card-back.png in Resources */ = {isa = PBXBuildFile; fileRef = 233936E21A0FB7F600A46160 /* card-back.png */; };
		233937091A0FB7F600A46160 /* apprentice-card.png in Resources */ = {isa = PBXBuildFile; fileRef = 233936E41A0FB7F600A46160 /* apprentice-card.png */; };
		2339370A1A0FB7F600A46160 /* chickenbot-card.png in Resources */ = {isa = PBXBuildFile; fileRef = 233936E51A0FB7F600A46160 /* chickenbot-card.png */; };
		2339370B1A0FB7F600A46160 /* elvisbot-card.png in Resources */ = {isa = PBXBuildFile; fileRef = 233936E61A0FB7F600A46160 /* elvisbot-card.png */; };
		2339370C1A0FB7F600A46160 /* froggy-card.png in Resources */ = {isa = PBXBuildFile; fileRef = 233936E71A0FB7F600A46160 /* froggy-card.png */; };
		2339370D1A0FB7F600A46160 /* lavaling-card.png in Resources */ = {isa = PBXBuildFile; fileRef = 233936E81A0FB7F600A46160 /* lavaling-card.png */; };
		2339370E1A0FB7F600A46160 /* loggoraptor-card.png in Resources */ = {isa = PBXBuildFile; fileRef = 233936E91A0FB7F600A46160 /* loggoraptor-card.png */; };
		2339370F1A0FB7F600A46160 /* mothership-card.png in Resources */ = {isa = PBXBuildFile; fileRef = 233936EA1A0FB7F600A46160 /* mothership-card.png */; };
		233937101A0FB7F600A46160 /* necromancer-card.png in Resources */ = {isa = PBXBuildFile; fileRef = 233936EB1A0FB7F600A46160 /* necromancer-card.png */; };
		233937111A0FB7F600A46160 /* overlord-card.png in Resources */ = {isa = PBXBuildFile; fileRef = 233936EC1A0FB7F600A46160 /* overlord-card.png */; };
		233937121A0FB7F600A46160 /* ranger-card.png in Resources */ = {isa = PBXBuildFile; fileRef = 233936ED1A0FB7F600A46160 /* ranger-card.png */; };
		233937131A0FB7F600A46160 /* robowolf-card.png in Resources */ = {isa = PBXBuildFile; fileRef = 233936EE1A0FB7F600A46160 /* robowolf-card.png */; };
		233937141A0FB7F600A46160 /* rogue-card.png in Resources */ = {isa = PBXBuildFile; fileRef = 233936EF1A0FB7F600A46160 /* rogue-card.png */; };
		233937151A0FB7F600A46160 /* shroomsprite-card.png in Resources */ = {isa = PBXBuildFile; fileRef = 233936F01A0FB7F600A46160 /* shroomsprite-card.png */; };
		233937161A0FB7F600A46160 /* tank-card.png in Resources */ = {isa = PBXBuildFile; fileRef = 233936F11A0FB7F600A46160 /* tank-card.png */; };
		233937171A0FB7F600A46160 /* volcanohead-card.png in Resources */ = {isa = PBXBuildFile; fileRef = 233936F21A0FB7F600A46160 /* volcanohead-card.png */; };
		233937181A0FB7F600A46160 /* cards.png in Resources */ = {isa = PBXBuildFile; fileRef = 233936F31A0FB7F600A46160 /* cards.png */; };
		233937191A0FB7F600A46160 /* hp.png in Resources */ = {isa = PBXBuildFile; fileRef = 233936F41A0FB7F600A46160 /* hp.png */; };
		2339371A1A0FB7F600A46160 /* mana.png in Resources */ = {isa = PBXBuildFile; fileRef = 233936F51A0FB7F600A46160 /* mana.png */; };
		2339371B1A0FB7F600A46160 /* apprentice.png in Resources */ = {isa = PBXBuildFile; fileRef = 233936F71A0FB7F600A46160 /* apprentice.png */; };
		2339371C1A0FB7F600A46160 /* chickenbot.png in Resources */ = {isa = PBXBuildFile; fileRef = 233936F81A0FB7F600A46160 /* chickenbot.png */; };
		2339371D1A0FB7F600A46160 /* Elvisbot.png in Resources */ = {isa = PBXBuildFile; fileRef = 233936F91A0FB7F600A46160 /* Elvisbot.png */; };
		2339371E1A0FB7F600A46160 /* froggy.png in Resources */ = {isa = PBXBuildFile; fileRef = 233936FA1A0FB7F600A46160 /* froggy.png */; };
		2339371F1A0FB7F600A46160 /* lavaling.png in Resources */ = {isa = PBXBuildFile; fileRef = 233936FB1A0FB7F600A46160 /* lavaling.png */; };
		233937201A0FB7F600A46160 /* loggoraptor.png in Resources */ = {isa = PBXBuildFile; fileRef = 233936FC1A0FB7F600A46160 /* loggoraptor.png */; };
		233937211A0FB7F600A46160 /* mothership.png in Resources */ = {isa = PBXBuildFile; fileRef = 233936FD1A0FB7F600A46160 /* mothership.png */; };
		233937221A0FB7F600A46160 /* necromancer.png in Resources */ = {isa = PBXBuildFile; fileRef = 233936FE1A0FB7F600A46160 /* necromancer.png */; };
		233937231A0FB7F600A46160 /* overlord.png in Resources */ = {isa = PBXBuildFile; fileRef = 233936FF1A0FB7F600A46160 /* overlord.png */; };
		233937241A0FB7F600A46160 /* ranger.png in Resources */ = {isa = PBXBuildFile; fileRef = 233937001A0FB7F600A46160 /* ranger.png */; };
		233937251A0FB7F600A46160 /* robowolf.png in Resources */ = {isa = PBXBuildFile; fileRef = 233937011A0FB7F600A46160 /* robowolf.png */; };
		233937261A0FB7F600A46160 /* rogue.png in Resources */ = {isa = PBXBuildFile; fileRef = 233937021A0FB7F600A46160 /* rogue.png */; };
		233937271A0FB7F600A46160 /* shroomsprite.png in Resources */ = {isa = PBXBuildFile; fileRef = 233937031A0FB7F600A46160 /* shroomsprite.png */; };
		233937281A0FB7F600A46160 /* tank.png in Resources */ = {isa = PBXBuildFile; fileRef = 233937041A0FB7F600A46160 /* tank.png */; };
		233937291A0FB7F600A46160 /* volcanohead.png in Resources */ = {isa = PBXBuildFile; fileRef = 233937051A0FB7F600A46160 /* volcanohead.png */; };
		2339372A1A0FB7F600A46160 /* space.png in Resources */ = {isa = PBXBuildFile; fileRef = 233937061A0FB7F600A46160 /* space.png */; };
		2339372C1A0FB86900A46160 /* loading-bg.jpg in Resources */ = {isa = PBXBuildFile; fileRef = 2339372B1A0FB86900A46160 /* loading-bg.jpg */; };
		8B8375B31A0F288700A2CF18 /* UBGameViewController.m in Sources */ = {isa = PBXBuildFile; fileRef = 8B8375B21A0F288700A2CF18 /* UBGameViewController.m */; };
		8B8375B61A0F312700A2CF18 /* UBMenuView.m in Sources */ = {isa = PBXBuildFile; fileRef = 8B8375B51A0F312700A2CF18 /* UBMenuView.m */; };
		8B8375B91A0F313300A2CF18 /* UBGameView.m in Sources */ = {isa = PBXBuildFile; fileRef = 8B8375B81A0F313300A2CF18 /* UBGameView.m */; };
		8B8375BC1A0F315E00A2CF18 /* UBResultViewController.m in Sources */ = {isa = PBXBuildFile; fileRef = 8B8375BB1A0F315E00A2CF18 /* UBResultViewController.m */; };
		8B8375BF1A0F318300A2CF18 /* UBResultsView.m in Sources */ = {isa = PBXBuildFile; fileRef = 8B8375BE1A0F318300A2CF18 /* UBResultsView.m */; };
		8B8375C31A0F31F600A2CF18 /* UIColor+UBColors.m in Sources */ = {isa = PBXBuildFile; fileRef = 8B8375C21A0F31F600A2CF18 /* UIColor+UBColors.m */; };
		8B8375C61A0F320700A2CF18 /* UIImage+UBImage.m in Sources */ = {isa = PBXBuildFile; fileRef = 8B8375C51A0F320700A2CF18 /* UIImage+UBImage.m */; };
		8B8375CC1A0F336400A2CF18 /* UIView+UBExtensions.m in Sources */ = {isa = PBXBuildFile; fileRef = 8B8375CB1A0F336400A2CF18 /* UIView+UBExtensions.m */; };
		8B8375CF1A0F359300A2CF18 /* UIFont+UBFont.m in Sources */ = {isa = PBXBuildFile; fileRef = 8B8375CE1A0F359300A2CF18 /* UIFont+UBFont.m */; };
		8B8375D11A0F44B400A2CF18 /* menu-bg.jpg in Resources */ = {isa = PBXBuildFile; fileRef = 8B8375D01A0F44B400A2CF18 /* menu-bg.jpg */; };
		8B854E201A0F500700E9BF5B /* Adventure.otf in Resources */ = {isa = PBXBuildFile; fileRef = 8B8375D41A0F495D00A2CF18 /* Adventure.otf */; };
		8B854E211A0F500A00E9BF5B /* uchiyama.ttf in Resources */ = {isa = PBXBuildFile; fileRef = 8B8375D31A0F495D00A2CF18 /* uchiyama.ttf */; };
		8B854E221A0F500D00E9BF5B /* BlackCastleMF.ttf in Resources */ = {isa = PBXBuildFile; fileRef = 8B8375D51A0F495D00A2CF18 /* BlackCastleMF.ttf */; };
		8BB1A53E1A0F218A00CD2FE9 /* main.m in Sources */ = {isa = PBXBuildFile; fileRef = 8BB1A53D1A0F218A00CD2FE9 /* main.m */; };
		8BB1A5411A0F218A00CD2FE9 /* AppDelegate.m in Sources */ = {isa = PBXBuildFile; fileRef = 8BB1A5401A0F218A00CD2FE9 /* AppDelegate.m */; };
		8BB1A5441A0F218A00CD2FE9 /* UBMenuViewController.m in Sources */ = {isa = PBXBuildFile; fileRef = 8BB1A5431A0F218A00CD2FE9 /* UBMenuViewController.m */; };
		8BB1A5471A0F218A00CD2FE9 /* Main.storyboard in Resources */ = {isa = PBXBuildFile; fileRef = 8BB1A5451A0F218A00CD2FE9 /* Main.storyboard */; };
		8BB1A5491A0F218A00CD2FE9 /* Images.xcassets in Resources */ = {isa = PBXBuildFile; fileRef = 8BB1A5481A0F218A00CD2FE9 /* Images.xcassets */; };
		8BB1A54C1A0F218A00CD2FE9 /* LaunchScreen.xib in Resources */ = {isa = PBXBuildFile; fileRef = 8BB1A54A1A0F218A00CD2FE9 /* LaunchScreen.xib */; };
		8BB1A5581A0F218A00CD2FE9 /* EpicEverythingTests.m in Sources */ = {isa = PBXBuildFile; fileRef = 8BB1A5571A0F218A00CD2FE9 /* EpicEverythingTests.m */; };
/* End PBXBuildFile section */

/* Begin PBXContainerItemProxy section */
		8BB1A5521A0F218A00CD2FE9 /* PBXContainerItemProxy */ = {
			isa = PBXContainerItemProxy;
			containerPortal = 8BB1A5301A0F218A00CD2FE9 /* Project object */;
			proxyType = 1;
			remoteGlobalIDString = 8BB1A5371A0F218A00CD2FE9;
			remoteInfo = EpicEverything;
		};
/* End PBXContainerItemProxy section */

/* Begin PBXFileReference section */
		133BCC9C1A0F40AC0026023D /* UBPlayer.h */ = {isa = PBXFileReference; fileEncoding = 4; lastKnownFileType = sourcecode.c.h; path = UBPlayer.h; sourceTree = "<group>"; };
		133BCC9F1A0F41CD0026023D /* UBCard.h */ = {isa = PBXFileReference; fileEncoding = 4; lastKnownFileType = sourcecode.c.h; path = UBCard.h; sourceTree = "<group>"; };
		133BCCA01A0F41CD0026023D /* UBCard.m */ = {isa = PBXFileReference; fileEncoding = 4; lastKnownFileType = sourcecode.c.objc; path = UBCard.m; sourceTree = "<group>"; };
		133BCCA11A0F41CD0026023D /* UBGame.h */ = {isa = PBXFileReference; fileEncoding = 4; lastKnownFileType = sourcecode.c.h; path = UBGame.h; sourceTree = "<group>"; };
		133BCCA21A0F41CD0026023D /* UBCreature.h */ = {isa = PBXFileReference; fileEncoding = 4; lastKnownFileType = sourcecode.c.h; path = UBCreature.h; sourceTree = "<group>"; };
		133BCCA31A0F41CD0026023D /* UBBoard.h */ = {isa = PBXFileReference; fileEncoding = 4; lastKnownFileType = sourcecode.c.h; path = UBBoard.h; sourceTree = "<group>"; };
		133BCCA41A0F41CD0026023D /* UBBoard.m */ = {isa = PBXFileReference; fileEncoding = 4; lastKnownFileType = sourcecode.c.objc; path = UBBoard.m; sourceTree = "<group>"; };
		133BCCA61A0F41CD0026023D /* UBPlayer.m */ = {isa = PBXFileReference; fileEncoding = 4; lastKnownFileType = sourcecode.c.objc; path = UBPlayer.m; sourceTree = "<group>"; };
		133BCCA71A0F41CD0026023D /* UBGame.m */ = {isa = PBXFileReference; fileEncoding = 4; lastKnownFileType = sourcecode.c.objc; path = UBGame.m; sourceTree = "<group>"; };
		133BCCA81A0F41CD0026023D /* UBCreature.m */ = {isa = PBXFileReference; fileEncoding = 4; lastKnownFileType = sourcecode.c.objc; path = UBCreature.m; sourceTree = "<group>"; };
		133BCCAE1A0F44270026023D /* UBSpace.h */ = {isa = PBXFileReference; fileEncoding = 4; lastKnownFileType = sourcecode.c.h; path = UBSpace.h; sourceTree = "<group>"; };
		133BCCAF1A0F44660026023D /* UBSpace.m */ = {isa = PBXFileReference; fileEncoding = 4; lastKnownFileType = sourcecode.c.objc; path = UBSpace.m; sourceTree = "<group>"; };
		133BCCB11A0F4F630026023D /* cards.plist */ = {isa = PBXFileReference; fileEncoding = 4; lastKnownFileType = text.plist.xml; path = cards.plist; sourceTree = "<group>"; };
		133BCCB31A0F50600026023D /* statusEffects.plist */ = {isa = PBXFileReference; fileEncoding = 4; lastKnownFileType = text.plist.xml; path = statusEffects.plist; sourceTree = "<group>"; };
		233936E11A0FB7F600A46160 /* board-bg.jpg */ = {isa = PBXFileReference; lastKnownFileType = image.jpeg; path = "board-bg.jpg"; sourceTree = "<group>"; };
		233936E21A0FB7F600A46160 /* card-back.png */ = {isa = PBXFileReference; lastKnownFileType = image.png; path = "card-back.png"; sourceTree = "<group>"; };
		233936E41A0FB7F600A46160 /* apprentice-card.png */ = {isa = PBXFileReference; lastKnownFileType = image.png; path = "apprentice-card.png"; sourceTree = "<group>"; };
		233936E51A0FB7F600A46160 /* chickenbot-card.png */ = {isa = PBXFileReference; lastKnownFileType = image.png; path = "chickenbot-card.png"; sourceTree = "<group>"; };
		233936E61A0FB7F600A46160 /* elvisbot-card.png */ = {isa = PBXFileReference; lastKnownFileType = image.png; path = "elvisbot-card.png"; sourceTree = "<group>"; };
		233936E71A0FB7F600A46160 /* froggy-card.png */ = {isa = PBXFileReference; lastKnownFileType = image.png; path = "froggy-card.png"; sourceTree = "<group>"; };
		233936E81A0FB7F600A46160 /* lavaling-card.png */ = {isa = PBXFileReference; lastKnownFileType = image.png; path = "lavaling-card.png"; sourceTree = "<group>"; };
		233936E91A0FB7F600A46160 /* loggoraptor-card.png */ = {isa = PBXFileReference; lastKnownFileType = image.png; path = "loggoraptor-card.png"; sourceTree = "<group>"; };
		233936EA1A0FB7F600A46160 /* mothership-card.png */ = {isa = PBXFileReference; lastKnownFileType = image.png; path = "mothership-card.png"; sourceTree = "<group>"; };
		233936EB1A0FB7F600A46160 /* necromancer-card.png */ = {isa = PBXFileReference; lastKnownFileType = image.png; path = "necromancer-card.png"; sourceTree = "<group>"; };
		233936EC1A0FB7F600A46160 /* overlord-card.png */ = {isa = PBXFileReference; lastKnownFileType = image.png; path = "overlord-card.png"; sourceTree = "<group>"; };
		233936ED1A0FB7F600A46160 /* ranger-card.png */ = {isa = PBXFileReference; lastKnownFileType = image.png; path = "ranger-card.png"; sourceTree = "<group>"; };
		233936EE1A0FB7F600A46160 /* robowolf-card.png */ = {isa = PBXFileReference; lastKnownFileType = image.png; path = "robowolf-card.png"; sourceTree = "<group>"; };
		233936EF1A0FB7F600A46160 /* rogue-card.png */ = {isa = PBXFileReference; lastKnownFileType = image.png; path = "rogue-card.png"; sourceTree = "<group>"; };
		233936F01A0FB7F600A46160 /* shroomsprite-card.png */ = {isa = PBXFileReference; lastKnownFileType = image.png; path = "shroomsprite-card.png"; sourceTree = "<group>"; };
		233936F11A0FB7F600A46160 /* tank-card.png */ = {isa = PBXFileReference; lastKnownFileType = image.png; path = "tank-card.png"; sourceTree = "<group>"; };
		233936F21A0FB7F600A46160 /* volcanohead-card.png */ = {isa = PBXFileReference; lastKnownFileType = image.png; path = "volcanohead-card.png"; sourceTree = "<group>"; };
		233936F31A0FB7F600A46160 /* cards.png */ = {isa = PBXFileReference; lastKnownFileType = image.png; path = cards.png; sourceTree = "<group>"; };
		233936F41A0FB7F600A46160 /* hp.png */ = {isa = PBXFileReference; lastKnownFileType = image.png; path = hp.png; sourceTree = "<group>"; };
		233936F51A0FB7F600A46160 /* mana.png */ = {isa = PBXFileReference; lastKnownFileType = image.png; path = mana.png; sourceTree = "<group>"; };
		233936F71A0FB7F600A46160 /* apprentice.png */ = {isa = PBXFileReference; lastKnownFileType = image.png; path = apprentice.png; sourceTree = "<group>"; };
		233936F81A0FB7F600A46160 /* chickenbot.png */ = {isa = PBXFileReference; lastKnownFileType = image.png; path = chickenbot.png; sourceTree = "<group>"; };
		233936F91A0FB7F600A46160 /* Elvisbot.png */ = {isa = PBXFileReference; lastKnownFileType = image.png; path = Elvisbot.png; sourceTree = "<group>"; };
		233936FA1A0FB7F600A46160 /* froggy.png */ = {isa = PBXFileReference; lastKnownFileType = image.png; path = froggy.png; sourceTree = "<group>"; };
		233936FB1A0FB7F600A46160 /* lavaling.png */ = {isa = PBXFileReference; lastKnownFileType = image.png; path = lavaling.png; sourceTree = "<group>"; };
		233936FC1A0FB7F600A46160 /* loggoraptor.png */ = {isa = PBXFileReference; lastKnownFileType = image.png; path = loggoraptor.png; sourceTree = "<group>"; };
		233936FD1A0FB7F600A46160 /* mothership.png */ = {isa = PBXFileReference; lastKnownFileType = image.png; path = mothership.png; sourceTree = "<group>"; };
		233936FE1A0FB7F600A46160 /* necromancer.png */ = {isa = PBXFileReference; lastKnownFileType = image.png; path = necromancer.png; sourceTree = "<group>"; };
		233936FF1A0FB7F600A46160 /* overlord.png */ = {isa = PBXFileReference; lastKnownFileType = image.png; path = overlord.png; sourceTree = "<group>"; };
		233937001A0FB7F600A46160 /* ranger.png */ = {isa = PBXFileReference; lastKnownFileType = image.png; path = ranger.png; sourceTree = "<group>"; };
		233937011A0FB7F600A46160 /* robowolf.png */ = {isa = PBXFileReference; lastKnownFileType = image.png; path = robowolf.png; sourceTree = "<group>"; };
		233937021A0FB7F600A46160 /* rogue.png */ = {isa = PBXFileReference; lastKnownFileType = image.png; path = rogue.png; sourceTree = "<group>"; };
		233937031A0FB7F600A46160 /* shroomsprite.png */ = {isa = PBXFileReference; lastKnownFileType = image.png; path = shroomsprite.png; sourceTree = "<group>"; };
		233937041A0FB7F600A46160 /* tank.png */ = {isa = PBXFileReference; lastKnownFileType = image.png; path = tank.png; sourceTree = "<group>"; };
		233937051A0FB7F600A46160 /* volcanohead.png */ = {isa = PBXFileReference; lastKnownFileType = image.png; path = volcanohead.png; sourceTree = "<group>"; };
		233937061A0FB7F600A46160 /* space.png */ = {isa = PBXFileReference; lastKnownFileType = image.png; path = space.png; sourceTree = "<group>"; };
		2339372B1A0FB86900A46160 /* loading-bg.jpg */ = {isa = PBXFileReference; lastKnownFileType = image.jpeg; path = "loading-bg.jpg"; sourceTree = "<group>"; };
		48A545825A3DE9B07ECCFDED /* Pods.debug.xcconfig */ = {isa = PBXFileReference; includeInIndex = 1; lastKnownFileType = text.xcconfig; name = Pods.debug.xcconfig; path = "Pods/Target Support Files/Pods/Pods.debug.xcconfig"; sourceTree = "<group>"; };
		60008AE9945BE410E1F1B830 /* Pods.release.xcconfig */ = {isa = PBXFileReference; includeInIndex = 1; lastKnownFileType = text.xcconfig; name = Pods.release.xcconfig; path = "Pods/Target Support Files/Pods/Pods.release.xcconfig"; sourceTree = "<group>"; };
		8B8375B11A0F288700A2CF18 /* UBGameViewController.h */ = {isa = PBXFileReference; fileEncoding = 4; lastKnownFileType = sourcecode.c.h; path = UBGameViewController.h; sourceTree = "<group>"; };
		8B8375B21A0F288700A2CF18 /* UBGameViewController.m */ = {isa = PBXFileReference; fileEncoding = 4; lastKnownFileType = sourcecode.c.objc; path = UBGameViewController.m; sourceTree = "<group>"; };
		8B8375B41A0F312700A2CF18 /* UBMenuView.h */ = {isa = PBXFileReference; fileEncoding = 4; lastKnownFileType = sourcecode.c.h; path = UBMenuView.h; sourceTree = "<group>"; };
		8B8375B51A0F312700A2CF18 /* UBMenuView.m */ = {isa = PBXFileReference; fileEncoding = 4; lastKnownFileType = sourcecode.c.objc; path = UBMenuView.m; sourceTree = "<group>"; };
		8B8375B71A0F313300A2CF18 /* UBGameView.h */ = {isa = PBXFileReference; fileEncoding = 4; lastKnownFileType = sourcecode.c.h; path = UBGameView.h; sourceTree = "<group>"; };
		8B8375B81A0F313300A2CF18 /* UBGameView.m */ = {isa = PBXFileReference; fileEncoding = 4; lastKnownFileType = sourcecode.c.objc; path = UBGameView.m; sourceTree = "<group>"; };
		8B8375BA1A0F315E00A2CF18 /* UBResultViewController.h */ = {isa = PBXFileReference; fileEncoding = 4; lastKnownFileType = sourcecode.c.h; path = UBResultViewController.h; sourceTree = "<group>"; };
		8B8375BB1A0F315E00A2CF18 /* UBResultViewController.m */ = {isa = PBXFileReference; fileEncoding = 4; lastKnownFileType = sourcecode.c.objc; path = UBResultViewController.m; sourceTree = "<group>"; };
		8B8375BD1A0F318300A2CF18 /* UBResultsView.h */ = {isa = PBXFileReference; fileEncoding = 4; lastKnownFileType = sourcecode.c.h; path = UBResultsView.h; sourceTree = "<group>"; };
		8B8375BE1A0F318300A2CF18 /* UBResultsView.m */ = {isa = PBXFileReference; fileEncoding = 4; lastKnownFileType = sourcecode.c.objc; path = UBResultsView.m; sourceTree = "<group>"; };
		8B8375C11A0F31F600A2CF18 /* UIColor+UBColors.h */ = {isa = PBXFileReference; fileEncoding = 4; lastKnownFileType = sourcecode.c.h; path = "UIColor+UBColors.h"; sourceTree = "<group>"; };
		8B8375C21A0F31F600A2CF18 /* UIColor+UBColors.m */ = {isa = PBXFileReference; fileEncoding = 4; lastKnownFileType = sourcecode.c.objc; path = "UIColor+UBColors.m"; sourceTree = "<group>"; };
		8B8375C41A0F320700A2CF18 /* UIImage+UBImage.h */ = {isa = PBXFileReference; fileEncoding = 4; lastKnownFileType = sourcecode.c.h; path = "UIImage+UBImage.h"; sourceTree = "<group>"; };
		8B8375C51A0F320700A2CF18 /* UIImage+UBImage.m */ = {isa = PBXFileReference; fileEncoding = 4; lastKnownFileType = sourcecode.c.objc; path = "UIImage+UBImage.m"; sourceTree = "<group>"; };
		8B8375CA1A0F336400A2CF18 /* UIView+UBExtensions.h */ = {isa = PBXFileReference; fileEncoding = 4; lastKnownFileType = sourcecode.c.h; path = "UIView+UBExtensions.h"; sourceTree = "<group>"; };
		8B8375CB1A0F336400A2CF18 /* UIView+UBExtensions.m */ = {isa = PBXFileReference; fileEncoding = 4; lastKnownFileType = sourcecode.c.objc; path = "UIView+UBExtensions.m"; sourceTree = "<group>"; };
		8B8375CD1A0F359300A2CF18 /* UIFont+UBFont.h */ = {isa = PBXFileReference; fileEncoding = 4; lastKnownFileType = sourcecode.c.h; path = "UIFont+UBFont.h"; sourceTree = "<group>"; };
		8B8375CE1A0F359300A2CF18 /* UIFont+UBFont.m */ = {isa = PBXFileReference; fileEncoding = 4; lastKnownFileType = sourcecode.c.objc; path = "UIFont+UBFont.m"; sourceTree = "<group>"; };
		8B8375D01A0F44B400A2CF18 /* menu-bg.jpg */ = {isa = PBXFileReference; lastKnownFileType = image.jpeg; path = "menu-bg.jpg"; sourceTree = "<group>"; };
		8B8375D31A0F495D00A2CF18 /* uchiyama.ttf */ = {isa = PBXFileReference; lastKnownFileType = file; path = uchiyama.ttf; sourceTree = "<group>"; };
		8B8375D41A0F495D00A2CF18 /* Adventure.otf */ = {isa = PBXFileReference; lastKnownFileType = file; path = Adventure.otf; sourceTree = "<group>"; };
		8B8375D51A0F495D00A2CF18 /* BlackCastleMF.ttf */ = {isa = PBXFileReference; lastKnownFileType = file; path = BlackCastleMF.ttf; sourceTree = "<group>"; };
		8BB1A5381A0F218A00CD2FE9 /* EpicEverything.app */ = {isa = PBXFileReference; explicitFileType = wrapper.application; includeInIndex = 0; path = EpicEverything.app; sourceTree = BUILT_PRODUCTS_DIR; };
		8BB1A53C1A0F218A00CD2FE9 /* Info.plist */ = {isa = PBXFileReference; lastKnownFileType = text.plist.xml; path = Info.plist; sourceTree = "<group>"; };
		8BB1A53D1A0F218A00CD2FE9 /* main.m */ = {isa = PBXFileReference; lastKnownFileType = sourcecode.c.objc; path = main.m; sourceTree = "<group>"; };
		8BB1A53F1A0F218A00CD2FE9 /* AppDelegate.h */ = {isa = PBXFileReference; lastKnownFileType = sourcecode.c.h; path = AppDelegate.h; sourceTree = "<group>"; };
		8BB1A5401A0F218A00CD2FE9 /* AppDelegate.m */ = {isa = PBXFileReference; lastKnownFileType = sourcecode.c.objc; path = AppDelegate.m; sourceTree = "<group>"; };
		8BB1A5421A0F218A00CD2FE9 /* UBMenuViewController.h */ = {isa = PBXFileReference; lastKnownFileType = sourcecode.c.h; path = UBMenuViewController.h; sourceTree = "<group>"; };
		8BB1A5431A0F218A00CD2FE9 /* UBMenuViewController.m */ = {isa = PBXFileReference; lastKnownFileType = sourcecode.c.objc; path = UBMenuViewController.m; sourceTree = "<group>"; };
		8BB1A5461A0F218A00CD2FE9 /* Base */ = {isa = PBXFileReference; lastKnownFileType = file.storyboard; name = Base; path = Base.lproj/Main.storyboard; sourceTree = "<group>"; };
		8BB1A5481A0F218A00CD2FE9 /* Images.xcassets */ = {isa = PBXFileReference; lastKnownFileType = folder.assetcatalog; path = Images.xcassets; sourceTree = "<group>"; };
		8BB1A54B1A0F218A00CD2FE9 /* Base */ = {isa = PBXFileReference; lastKnownFileType = file.xib; name = Base; path = Base.lproj/LaunchScreen.xib; sourceTree = "<group>"; };
		8BB1A5511A0F218A00CD2FE9 /* EpicEverythingTests.xctest */ = {isa = PBXFileReference; explicitFileType = wrapper.cfbundle; includeInIndex = 0; path = EpicEverythingTests.xctest; sourceTree = BUILT_PRODUCTS_DIR; };
		8BB1A5561A0F218A00CD2FE9 /* Info.plist */ = {isa = PBXFileReference; lastKnownFileType = text.plist.xml; path = Info.plist; sourceTree = "<group>"; };
		8BB1A5571A0F218A00CD2FE9 /* EpicEverythingTests.m */ = {isa = PBXFileReference; lastKnownFileType = sourcecode.c.objc; path = EpicEverythingTests.m; sourceTree = "<group>"; };
		B8439F5EC4DE85BEDAB0EC52 /* libPods.a */ = {isa = PBXFileReference; explicitFileType = archive.ar; includeInIndex = 0; path = libPods.a; sourceTree = BUILT_PRODUCTS_DIR; };
/* End PBXFileReference section */

/* Begin PBXFrameworksBuildPhase section */
		8BB1A5351A0F218A00CD2FE9 /* Frameworks */ = {
			isa = PBXFrameworksBuildPhase;
			buildActionMask = 2147483647;
			files = (
				1890E52F8B997666001E6434 /* libPods.a in Frameworks */,
			);
			runOnlyForDeploymentPostprocessing = 0;
		};
		8BB1A54E1A0F218A00CD2FE9 /* Frameworks */ = {
			isa = PBXFrameworksBuildPhase;
			buildActionMask = 2147483647;
			files = (
			);
			runOnlyForDeploymentPostprocessing = 0;
		};
/* End PBXFrameworksBuildPhase section */

/* Begin PBXGroup section */
		03994FAFCB2040854CF2B2C2 /* Frameworks */ = {
			isa = PBXGroup;
			children = (
				B8439F5EC4DE85BEDAB0EC52 /* libPods.a */,
			);
			name = Frameworks;
			sourceTree = "<group>";
		};
		233936E31A0FB7F600A46160 /* cards */ = {
			isa = PBXGroup;
			children = (
				233936E41A0FB7F600A46160 /* apprentice-card.png */,
				233936E51A0FB7F600A46160 /* chickenbot-card.png */,
				233936E61A0FB7F600A46160 /* elvisbot-card.png */,
				233936E71A0FB7F600A46160 /* froggy-card.png */,
				233936E81A0FB7F600A46160 /* lavaling-card.png */,
				233936E91A0FB7F600A46160 /* loggoraptor-card.png */,
				233936EA1A0FB7F600A46160 /* mothership-card.png */,
				233936EB1A0FB7F600A46160 /* necromancer-card.png */,
				233936EC1A0FB7F600A46160 /* overlord-card.png */,
				233936ED1A0FB7F600A46160 /* ranger-card.png */,
				233936EE1A0FB7F600A46160 /* robowolf-card.png */,
				233936EF1A0FB7F600A46160 /* rogue-card.png */,
				233936F01A0FB7F600A46160 /* shroomsprite-card.png */,
				233936F11A0FB7F600A46160 /* tank-card.png */,
				233936F21A0FB7F600A46160 /* volcanohead-card.png */,
			);
			path = cards;
			sourceTree = "<group>";
		};
		233936F61A0FB7F600A46160 /* pieces */ = {
			isa = PBXGroup;
			children = (
				233936F71A0FB7F600A46160 /* apprentice.png */,
				233936F81A0FB7F600A46160 /* chickenbot.png */,
				233936F91A0FB7F600A46160 /* Elvisbot.png */,
				233936FA1A0FB7F600A46160 /* froggy.png */,
				233936FB1A0FB7F600A46160 /* lavaling.png */,
				233936FC1A0FB7F600A46160 /* loggoraptor.png */,
				233936FD1A0FB7F600A46160 /* mothership.png */,
				233936FE1A0FB7F600A46160 /* necromancer.png */,
				233936FF1A0FB7F600A46160 /* overlord.png */,
				233937001A0FB7F600A46160 /* ranger.png */,
				233937011A0FB7F600A46160 /* robowolf.png */,
				233937021A0FB7F600A46160 /* rogue.png */,
				233937031A0FB7F600A46160 /* shroomsprite.png */,
				233937041A0FB7F600A46160 /* tank.png */,
				233937051A0FB7F600A46160 /* volcanohead.png */,
			);
			path = pieces;
			sourceTree = "<group>";
		};
		87D3CDCC0D693451F2BAA6AB /* Pods */ = {
			isa = PBXGroup;
			children = (
				48A545825A3DE9B07ECCFDED /* Pods.debug.xcconfig */,
				60008AE9945BE410E1F1B830 /* Pods.release.xcconfig */,
			);
			name = Pods;
			sourceTree = "<group>";
		};
		8B8375AE1A0F26A800A2CF18 /* Controllers */ = {
			isa = PBXGroup;
			children = (
				8BB1A5421A0F218A00CD2FE9 /* UBMenuViewController.h */,
				8BB1A5431A0F218A00CD2FE9 /* UBMenuViewController.m */,
				8B8375B11A0F288700A2CF18 /* UBGameViewController.h */,
				8B8375B21A0F288700A2CF18 /* UBGameViewController.m */,
				8B8375BA1A0F315E00A2CF18 /* UBResultViewController.h */,
				8B8375BB1A0F315E00A2CF18 /* UBResultViewController.m */,
			);
			name = Controllers;
			sourceTree = "<group>";
		};
		8B8375AF1A0F276F00A2CF18 /* Views */ = {
			isa = PBXGroup;
			children = (
				8B8375B41A0F312700A2CF18 /* UBMenuView.h */,
				8B8375B51A0F312700A2CF18 /* UBMenuView.m */,
				8B8375B71A0F313300A2CF18 /* UBGameView.h */,
				8B8375B81A0F313300A2CF18 /* UBGameView.m */,
				8B8375BD1A0F318300A2CF18 /* UBResultsView.h */,
				8B8375BE1A0F318300A2CF18 /* UBResultsView.m */,
			);
			name = Views;
			sourceTree = "<group>";
		};
		8B8375B01A0F277700A2CF18 /* Models */ = {
			isa = PBXGroup;
			children = (
				133BCC9F1A0F41CD0026023D /* UBCard.h */,
				133BCCA01A0F41CD0026023D /* UBCard.m */,
				133BCCA11A0F41CD0026023D /* UBGame.h */,
				133BCCA71A0F41CD0026023D /* UBGame.m */,
				133BCCA31A0F41CD0026023D /* UBBoard.h */,
				133BCCA41A0F41CD0026023D /* UBBoard.m */,
				133BCCA21A0F41CD0026023D /* UBCreature.h */,
				133BCCA81A0F41CD0026023D /* UBCreature.m */,
				133BCC9C1A0F40AC0026023D /* UBPlayer.h */,
				133BCCA61A0F41CD0026023D /* UBPlayer.m */,
				133BCCAE1A0F44270026023D /* UBSpace.h */,
				133BCCAF1A0F44660026023D /* UBSpace.m */,
			);
			name = Models;
			sourceTree = "<group>";
		};
		8B8375C01A0F31D400A2CF18 /* Resources */ = {
			isa = PBXGroup;
			children = (
				8B8375D61A0F496000A2CF18 /* Fonts */,
				8B8375D21A0F44B700A2CF18 /* Images */,
				8B8375C11A0F31F600A2CF18 /* UIColor+UBColors.h */,
				8B8375C21A0F31F600A2CF18 /* UIColor+UBColors.m */,
				8B8375C41A0F320700A2CF18 /* UIImage+UBImage.h */,
				8B8375C51A0F320700A2CF18 /* UIImage+UBImage.m */,
				8B8375CD1A0F359300A2CF18 /* UIFont+UBFont.h */,
				8B8375CE1A0F359300A2CF18 /* UIFont+UBFont.m */,
				8B8375CA1A0F336400A2CF18 /* UIView+UBExtensions.h */,
				8B8375CB1A0F336400A2CF18 /* UIView+UBExtensions.m */,
			);
			name = Resources;
			sourceTree = "<group>";
		};
		8B8375D21A0F44B700A2CF18 /* Images */ = {
			isa = PBXGroup;
			children = (
				233936E21A0FB7F600A46160 /* card-back.png */,
				233936F31A0FB7F600A46160 /* cards.png */,
				233936F41A0FB7F600A46160 /* hp.png */,
				233936F51A0FB7F600A46160 /* mana.png */,
				233937061A0FB7F600A46160 /* space.png */,
				233936E31A0FB7F600A46160 /* cards */,
				233936F61A0FB7F600A46160 /* pieces */,
				2339372B1A0FB86900A46160 /* loading-bg.jpg */,
				8B8375D01A0F44B400A2CF18 /* menu-bg.jpg */,
				233936E11A0FB7F600A46160 /* board-bg.jpg */,
			);
			name = Images;
			sourceTree = "<group>";
		};
		8B8375D61A0F496000A2CF18 /* Fonts */ = {
			isa = PBXGroup;
			children = (
				8B8375D41A0F495D00A2CF18 /* Adventure.otf */,
				8B8375D31A0F495D00A2CF18 /* uchiyama.ttf */,
				8B8375D51A0F495D00A2CF18 /* BlackCastleMF.ttf */,
			);
			name = Fonts;
			sourceTree = "<group>";
		};
		8BB1A52F1A0F218A00CD2FE9 = {
			isa = PBXGroup;
			children = (
				8BB1A53A1A0F218A00CD2FE9 /* EpicEverything */,
				8BB1A5541A0F218A00CD2FE9 /* EpicEverythingTests */,
				8BB1A5391A0F218A00CD2FE9 /* Products */,
				87D3CDCC0D693451F2BAA6AB /* Pods */,
				03994FAFCB2040854CF2B2C2 /* Frameworks */,
			);
			sourceTree = "<group>";
		};
		8BB1A5391A0F218A00CD2FE9 /* Products */ = {
			isa = PBXGroup;
			children = (
				8BB1A5381A0F218A00CD2FE9 /* EpicEverything.app */,
				8BB1A5511A0F218A00CD2FE9 /* EpicEverythingTests.xctest */,
			);
			name = Products;
			sourceTree = "<group>";
		};
		8BB1A53A1A0F218A00CD2FE9 /* EpicEverything */ = {
			isa = PBXGroup;
			children = (
				8BB1A53F1A0F218A00CD2FE9 /* AppDelegate.h */,
				8BB1A5401A0F218A00CD2FE9 /* AppDelegate.m */,
				8B8375B01A0F277700A2CF18 /* Models */,
				8B8375AF1A0F276F00A2CF18 /* Views */,
				8B8375AE1A0F26A800A2CF18 /* Controllers */,
				8B8375C01A0F31D400A2CF18 /* Resources */,
				8BB1A5451A0F218A00CD2FE9 /* Main.storyboard */,
				133BCCB11A0F4F630026023D /* cards.plist */,
				133BCCB31A0F50600026023D /* statusEffects.plist */,
				8BB1A5481A0F218A00CD2FE9 /* Images.xcassets */,
				8BB1A54A1A0F218A00CD2FE9 /* LaunchScreen.xib */,
				8BB1A53B1A0F218A00CD2FE9 /* Supporting Files */,
			);
			path = EpicEverything;
			sourceTree = "<group>";
		};
		8BB1A53B1A0F218A00CD2FE9 /* Supporting Files */ = {
			isa = PBXGroup;
			children = (
				8BB1A53C1A0F218A00CD2FE9 /* Info.plist */,
				8BB1A53D1A0F218A00CD2FE9 /* main.m */,
			);
			name = "Supporting Files";
			sourceTree = "<group>";
		};
		8BB1A5541A0F218A00CD2FE9 /* EpicEverythingTests */ = {
			isa = PBXGroup;
			children = (
				8BB1A5571A0F218A00CD2FE9 /* EpicEverythingTests.m */,
				8BB1A5551A0F218A00CD2FE9 /* Supporting Files */,
			);
			path = EpicEverythingTests;
			sourceTree = "<group>";
		};
		8BB1A5551A0F218A00CD2FE9 /* Supporting Files */ = {
			isa = PBXGroup;
			children = (
				8BB1A5561A0F218A00CD2FE9 /* Info.plist */,
			);
			name = "Supporting Files";
			sourceTree = "<group>";
		};
/* End PBXGroup section */

/* Begin PBXNativeTarget section */
		8BB1A5371A0F218A00CD2FE9 /* EpicEverything */ = {
			isa = PBXNativeTarget;
			buildConfigurationList = 8BB1A55B1A0F218A00CD2FE9 /* Build configuration list for PBXNativeTarget "EpicEverything" */;
			buildPhases = (
				801F99DA2A55377C0E139F12 /* Check Pods Manifest.lock */,
				8BB1A5341A0F218A00CD2FE9 /* Sources */,
				8BB1A5351A0F218A00CD2FE9 /* Frameworks */,
				8BB1A5361A0F218A00CD2FE9 /* Resources */,
				9EAE239BF2EA7B40F3345BDA /* Copy Pods Resources */,
			);
			buildRules = (
			);
			dependencies = (
			);
			name = EpicEverything;
			productName = EpicEverything;
			productReference = 8BB1A5381A0F218A00CD2FE9 /* EpicEverything.app */;
			productType = "com.apple.product-type.application";
		};
		8BB1A5501A0F218A00CD2FE9 /* EpicEverythingTests */ = {
			isa = PBXNativeTarget;
			buildConfigurationList = 8BB1A55E1A0F218A00CD2FE9 /* Build configuration list for PBXNativeTarget "EpicEverythingTests" */;
			buildPhases = (
				8BB1A54D1A0F218A00CD2FE9 /* Sources */,
				8BB1A54E1A0F218A00CD2FE9 /* Frameworks */,
				8BB1A54F1A0F218A00CD2FE9 /* Resources */,
			);
			buildRules = (
			);
			dependencies = (
				8BB1A5531A0F218A00CD2FE9 /* PBXTargetDependency */,
			);
			name = EpicEverythingTests;
			productName = EpicEverythingTests;
			productReference = 8BB1A5511A0F218A00CD2FE9 /* EpicEverythingTests.xctest */;
			productType = "com.apple.product-type.bundle.unit-test";
		};
/* End PBXNativeTarget section */

/* Begin PBXProject section */
		8BB1A5301A0F218A00CD2FE9 /* Project object */ = {
			isa = PBXProject;
			attributes = {
				LastUpgradeCheck = 0610;
				ORGANIZATIONNAME = Unboard;
				TargetAttributes = {
					8BB1A5371A0F218A00CD2FE9 = {
						CreatedOnToolsVersion = 6.1;
					};
					8BB1A5501A0F218A00CD2FE9 = {
						CreatedOnToolsVersion = 6.1;
						TestTargetID = 8BB1A5371A0F218A00CD2FE9;
					};
				};
			};
			buildConfigurationList = 8BB1A5331A0F218A00CD2FE9 /* Build configuration list for PBXProject "EpicEverything" */;
			compatibilityVersion = "Xcode 3.2";
			developmentRegion = English;
			hasScannedForEncodings = 0;
			knownRegions = (
				en,
				Base,
			);
			mainGroup = 8BB1A52F1A0F218A00CD2FE9;
			productRefGroup = 8BB1A5391A0F218A00CD2FE9 /* Products */;
			projectDirPath = "";
			projectRoot = "";
			targets = (
				8BB1A5371A0F218A00CD2FE9 /* EpicEverything */,
				8BB1A5501A0F218A00CD2FE9 /* EpicEverythingTests */,
			);
		};
/* End PBXProject section */

/* Begin PBXResourcesBuildPhase section */
		8BB1A5361A0F218A00CD2FE9 /* Resources */ = {
			isa = PBXResourcesBuildPhase;
			buildActionMask = 2147483647;
			files = (
				233937271A0FB7F600A46160 /* shroomsprite.png in Resources */,
				8BB1A5471A0F218A00CD2FE9 /* Main.storyboard in Resources */,
				8B854E211A0F500A00E9BF5B /* uchiyama.ttf in Resources */,
				8B854E201A0F500700E9BF5B /* Adventure.otf in Resources */,
				233937101A0FB7F600A46160 /* necromancer-card.png in Resources */,
				2339371B1A0FB7F600A46160 /* apprentice.png in Resources */,
				233937071A0FB7F600A46160 /* board-bg.jpg in Resources */,
				233937091A0FB7F600A46160 /* apprentice-card.png in Resources */,
				233937281A0FB7F600A46160 /* tank.png in Resources */,
				2339371D1A0FB7F600A46160 /* Elvisbot.png in Resources */,
				233937151A0FB7F600A46160 /* shroomsprite-card.png in Resources */,
				233937251A0FB7F600A46160 /* robowolf.png in Resources */,
				233937081A0FB7F600A46160 /* card-back.png in Resources */,
				8B854E221A0F500D00E9BF5B /* BlackCastleMF.ttf in Resources */,
				8B8375D11A0F44B400A2CF18 /* menu-bg.jpg in Resources */,
				233937231A0FB7F600A46160 /* overlord.png in Resources */,
				233937261A0FB7F600A46160 /* rogue.png in Resources */,
				233937131A0FB7F600A46160 /* robowolf-card.png in Resources */,
				233937291A0FB7F600A46160 /* volcanohead.png in Resources */,
				2339371F1A0FB7F600A46160 /* lavaling.png in Resources */,
				8BB1A54C1A0F218A00CD2FE9 /* LaunchScreen.xib in Resources */,
				2339371C1A0FB7F600A46160 /* chickenbot.png in Resources */,
				233937141A0FB7F600A46160 /* rogue-card.png in Resources */,
				233937191A0FB7F600A46160 /* hp.png in Resources */,
				233937121A0FB7F600A46160 /* ranger-card.png in Resources */,
				2339370D1A0FB7F600A46160 /* lavaling-card.png in Resources */,
				233937211A0FB7F600A46160 /* mothership.png in Resources */,
				233937201A0FB7F600A46160 /* loggoraptor.png in Resources */,
				233937241A0FB7F600A46160 /* ranger.png in Resources */,
				2339370F1A0FB7F600A46160 /* mothership-card.png in Resources */,
				233937111A0FB7F600A46160 /* overlord-card.png in Resources */,
				2339370A1A0FB7F600A46160 /* chickenbot-card.png in Resources */,
				133BCCB21A0F4F630026023D /* cards.plist in Resources */,
				2339371A1A0FB7F600A46160 /* mana.png in Resources */,
				2339370E1A0FB7F600A46160 /* loggoraptor-card.png in Resources */,
				233937171A0FB7F600A46160 /* volcanohead-card.png in Resources */,
				8BB1A5491A0F218A00CD2FE9 /* Images.xcassets in Resources */,
				2339372A1A0FB7F600A46160 /* space.png in Resources */,
				233937221A0FB7F600A46160 /* necromancer.png in Resources */,
				133BCCB41A0F50600026023D /* statusEffects.plist in Resources */,
				233937161A0FB7F600A46160 /* tank-card.png in Resources */,
				2339370B1A0FB7F600A46160 /* elvisbot-card.png in Resources */,
				233937181A0FB7F600A46160 /* cards.png in Resources */,
				2339372C1A0FB86900A46160 /* loading-bg.jpg in Resources */,
				2339371E1A0FB7F600A46160 /* froggy.png in Resources */,
				2339370C1A0FB7F600A46160 /* froggy-card.png in Resources */,
			);
			runOnlyForDeploymentPostprocessing = 0;
		};
		8BB1A54F1A0F218A00CD2FE9 /* Resources */ = {
			isa = PBXResourcesBuildPhase;
			buildActionMask = 2147483647;
			files = (
			);
			runOnlyForDeploymentPostprocessing = 0;
		};
/* End PBXResourcesBuildPhase section */

/* Begin PBXShellScriptBuildPhase section */
		801F99DA2A55377C0E139F12 /* Check Pods Manifest.lock */ = {
			isa = PBXShellScriptBuildPhase;
			buildActionMask = 2147483647;
			files = (
			);
			inputPaths = (
			);
			name = "Check Pods Manifest.lock";
			outputPaths = (
			);
			runOnlyForDeploymentPostprocessing = 0;
			shellPath = /bin/sh;
			shellScript = "diff \"${PODS_ROOT}/../Podfile.lock\" \"${PODS_ROOT}/Manifest.lock\" > /dev/null\nif [[ $? != 0 ]] ; then\n    cat << EOM\nerror: The sandbox is not in sync with the Podfile.lock. Run 'pod install' or update your CocoaPods installation.\nEOM\n    exit 1\nfi\n";
			showEnvVarsInLog = 0;
		};
		9EAE239BF2EA7B40F3345BDA /* Copy Pods Resources */ = {
			isa = PBXShellScriptBuildPhase;
			buildActionMask = 2147483647;
			files = (
			);
			inputPaths = (
			);
			name = "Copy Pods Resources";
			outputPaths = (
			);
			runOnlyForDeploymentPostprocessing = 0;
			shellPath = /bin/sh;
			shellScript = "\"${SRCROOT}/Pods/Target Support Files/Pods/Pods-resources.sh\"\n";
			showEnvVarsInLog = 0;
		};
/* End PBXShellScriptBuildPhase section */

/* Begin PBXSourcesBuildPhase section */
		8BB1A5341A0F218A00CD2FE9 /* Sources */ = {
			isa = PBXSourcesBuildPhase;
			buildActionMask = 2147483647;
			files = (
				8B8375C61A0F320700A2CF18 /* UIImage+UBImage.m in Sources */,
				8B8375CC1A0F336400A2CF18 /* UIView+UBExtensions.m in Sources */,
				8B8375BC1A0F315E00A2CF18 /* UBResultViewController.m in Sources */,
				8B8375B31A0F288700A2CF18 /* UBGameViewController.m in Sources */,
				133BCCAB1A0F41CD0026023D /* UBPlayer.m in Sources */,
				8B8375B91A0F313300A2CF18 /* UBGameView.m in Sources */,
				8BB1A5441A0F218A00CD2FE9 /* UBMenuViewController.m in Sources */,
				8BB1A5411A0F218A00CD2FE9 /* AppDelegate.m in Sources */,
				133BCCB01A0F44660026023D /* UBSpace.m in Sources */,
				133BCCAC1A0F41CD0026023D /* UBGame.m in Sources */,
				8BB1A53E1A0F218A00CD2FE9 /* main.m in Sources */,
				133BCCAD1A0F41CD0026023D /* UBCreature.m in Sources */,
				8B8375CF1A0F359300A2CF18 /* UIFont+UBFont.m in Sources */,
				8B8375BF1A0F318300A2CF18 /* UBResultsView.m in Sources */,
				8B8375C31A0F31F600A2CF18 /* UIColor+UBColors.m in Sources */,
				8B8375B61A0F312700A2CF18 /* UBMenuView.m in Sources */,
				133BCCAA1A0F41CD0026023D /* UBBoard.m in Sources */,
				133BCCA91A0F41CD0026023D /* UBCard.m in Sources */,
			);
			runOnlyForDeploymentPostprocessing = 0;
		};
		8BB1A54D1A0F218A00CD2FE9 /* Sources */ = {
			isa = PBXSourcesBuildPhase;
			buildActionMask = 2147483647;
			files = (
				8BB1A5581A0F218A00CD2FE9 /* EpicEverythingTests.m in Sources */,
			);
			runOnlyForDeploymentPostprocessing = 0;
		};
/* End PBXSourcesBuildPhase section */

/* Begin PBXTargetDependency section */
		8BB1A5531A0F218A00CD2FE9 /* PBXTargetDependency */ = {
			isa = PBXTargetDependency;
			target = 8BB1A5371A0F218A00CD2FE9 /* EpicEverything */;
			targetProxy = 8BB1A5521A0F218A00CD2FE9 /* PBXContainerItemProxy */;
		};
/* End PBXTargetDependency section */

/* Begin PBXVariantGroup section */
		8BB1A5451A0F218A00CD2FE9 /* Main.storyboard */ = {
			isa = PBXVariantGroup;
			children = (
				8BB1A5461A0F218A00CD2FE9 /* Base */,
			);
			name = Main.storyboard;
			sourceTree = "<group>";
		};
		8BB1A54A1A0F218A00CD2FE9 /* LaunchScreen.xib */ = {
			isa = PBXVariantGroup;
			children = (
				8BB1A54B1A0F218A00CD2FE9 /* Base */,
			);
			name = LaunchScreen.xib;
			sourceTree = "<group>";
		};
/* End PBXVariantGroup section */

/* Begin XCBuildConfiguration section */
		8BB1A5591A0F218A00CD2FE9 /* Debug */ = {
			isa = XCBuildConfiguration;
			buildSettings = {
				ALWAYS_SEARCH_USER_PATHS = NO;
				CLANG_CXX_LANGUAGE_STANDARD = "gnu++0x";
				CLANG_CXX_LIBRARY = "libc++";
				CLANG_ENABLE_MODULES = YES;
				CLANG_ENABLE_OBJC_ARC = YES;
				CLANG_WARN_BOOL_CONVERSION = YES;
				CLANG_WARN_CONSTANT_CONVERSION = YES;
				CLANG_WARN_DIRECT_OBJC_ISA_USAGE = YES_ERROR;
				CLANG_WARN_EMPTY_BODY = YES;
				CLANG_WARN_ENUM_CONVERSION = YES;
				CLANG_WARN_INT_CONVERSION = YES;
				CLANG_WARN_OBJC_ROOT_CLASS = YES_ERROR;
				CLANG_WARN_UNREACHABLE_CODE = YES;
				CLANG_WARN__DUPLICATE_METHOD_MATCH = YES;
				"CODE_SIGN_IDENTITY[sdk=iphoneos*]" = "iPhone Developer";
				COPY_PHASE_STRIP = NO;
				ENABLE_STRICT_OBJC_MSGSEND = YES;
				GCC_C_LANGUAGE_STANDARD = gnu99;
				GCC_DYNAMIC_NO_PIC = NO;
				GCC_OPTIMIZATION_LEVEL = 0;
				GCC_PREPROCESSOR_DEFINITIONS = (
					"DEBUG=1",
					"$(inherited)",
				);
				GCC_SYMBOLS_PRIVATE_EXTERN = NO;
				GCC_WARN_64_TO_32_BIT_CONVERSION = YES;
				GCC_WARN_ABOUT_RETURN_TYPE = YES_ERROR;
				GCC_WARN_UNDECLARED_SELECTOR = YES;
				GCC_WARN_UNINITIALIZED_AUTOS = YES_AGGRESSIVE;
				GCC_WARN_UNUSED_FUNCTION = YES;
				GCC_WARN_UNUSED_VARIABLE = YES;
				IPHONEOS_DEPLOYMENT_TARGET = 8.1;
				MTL_ENABLE_DEBUG_INFO = YES;
				ONLY_ACTIVE_ARCH = YES;
				SDKROOT = iphoneos;
			};
			name = Debug;
		};
		8BB1A55A1A0F218A00CD2FE9 /* Release */ = {
			isa = XCBuildConfiguration;
			buildSettings = {
				ALWAYS_SEARCH_USER_PATHS = NO;
				CLANG_CXX_LANGUAGE_STANDARD = "gnu++0x";
				CLANG_CXX_LIBRARY = "libc++";
				CLANG_ENABLE_MODULES = YES;
				CLANG_ENABLE_OBJC_ARC = YES;
				CLANG_WARN_BOOL_CONVERSION = YES;
				CLANG_WARN_CONSTANT_CONVERSION = YES;
				CLANG_WARN_DIRECT_OBJC_ISA_USAGE = YES_ERROR;
				CLANG_WARN_EMPTY_BODY = YES;
				CLANG_WARN_ENUM_CONVERSION = YES;
				CLANG_WARN_INT_CONVERSION = YES;
				CLANG_WARN_OBJC_ROOT_CLASS = YES_ERROR;
				CLANG_WARN_UNREACHABLE_CODE = YES;
				CLANG_WARN__DUPLICATE_METHOD_MATCH = YES;
				"CODE_SIGN_IDENTITY[sdk=iphoneos*]" = "iPhone Developer";
				COPY_PHASE_STRIP = YES;
				ENABLE_NS_ASSERTIONS = NO;
				ENABLE_STRICT_OBJC_MSGSEND = YES;
				GCC_C_LANGUAGE_STANDARD = gnu99;
				GCC_WARN_64_TO_32_BIT_CONVERSION = YES;
				GCC_WARN_ABOUT_RETURN_TYPE = YES_ERROR;
				GCC_WARN_UNDECLARED_SELECTOR = YES;
				GCC_WARN_UNINITIALIZED_AUTOS = YES_AGGRESSIVE;
				GCC_WARN_UNUSED_FUNCTION = YES;
				GCC_WARN_UNUSED_VARIABLE = YES;
				IPHONEOS_DEPLOYMENT_TARGET = 8.1;
				MTL_ENABLE_DEBUG_INFO = NO;
				SDKROOT = iphoneos;
				VALIDATE_PRODUCT = YES;
			};
			name = Release;
		};
		8BB1A55C1A0F218A00CD2FE9 /* Debug */ = {
			isa = XCBuildConfiguration;
			baseConfigurationReference = 48A545825A3DE9B07ECCFDED /* Pods.debug.xcconfig */;
			buildSettings = {
				ASSETCATALOG_COMPILER_APPICON_NAME = AppIcon;
				INFOPLIST_FILE = EpicEverything/Info.plist;
				IPHONEOS_DEPLOYMENT_TARGET = 8.0;
				LD_RUNPATH_SEARCH_PATHS = "$(inherited) @executable_path/Frameworks";
				PRODUCT_NAME = "$(TARGET_NAME)";
			};
			name = Debug;
		};
		8BB1A55D1A0F218A00CD2FE9 /* Release */ = {
			isa = XCBuildConfiguration;
			baseConfigurationReference = 60008AE9945BE410E1F1B830 /* Pods.release.xcconfig */;
			buildSettings = {
				ASSETCATALOG_COMPILER_APPICON_NAME = AppIcon;
				INFOPLIST_FILE = EpicEverything/Info.plist;
				IPHONEOS_DEPLOYMENT_TARGET = 8.0;
				LD_RUNPATH_SEARCH_PATHS = "$(inherited) @executable_path/Frameworks";
				PRODUCT_NAME = "$(TARGET_NAME)";
			};
			name = Release;
		};
		8BB1A55F1A0F218A00CD2FE9 /* Debug */ = {
			isa = XCBuildConfiguration;
			buildSettings = {
				BUNDLE_LOADER = "$(TEST_HOST)";
				FRAMEWORK_SEARCH_PATHS = (
					"$(SDKROOT)/Developer/Library/Frameworks",
					"$(inherited)",
				);
				GCC_PREPROCESSOR_DEFINITIONS = (
					"DEBUG=1",
					"$(inherited)",
				);
				INFOPLIST_FILE = EpicEverythingTests/Info.plist;
				LD_RUNPATH_SEARCH_PATHS = "$(inherited) @executable_path/Frameworks @loader_path/Frameworks";
				PRODUCT_NAME = "$(TARGET_NAME)";
				TEST_HOST = "$(BUILT_PRODUCTS_DIR)/EpicEverything.app/EpicEverything";
			};
			name = Debug;
		};
		8BB1A5601A0F218A00CD2FE9 /* Release */ = {
			isa = XCBuildConfiguration;
			buildSettings = {
				BUNDLE_LOADER = "$(TEST_HOST)";
				FRAMEWORK_SEARCH_PATHS = (
					"$(SDKROOT)/Developer/Library/Frameworks",
					"$(inherited)",
				);
				INFOPLIST_FILE = EpicEverythingTests/Info.plist;
				LD_RUNPATH_SEARCH_PATHS = "$(inherited) @executable_path/Frameworks @loader_path/Frameworks";
				PRODUCT_NAME = "$(TARGET_NAME)";
				TEST_HOST = "$(BUILT_PRODUCTS_DIR)/EpicEverything.app/EpicEverything";
			};
			name = Release;
		};
/* End XCBuildConfiguration section */

/* Begin XCConfigurationList section */
		8BB1A5331A0F218A00CD2FE9 /* Build configuration list for PBXProject "EpicEverything" */ = {
			isa = XCConfigurationList;
			buildConfigurations = (
				8BB1A5591A0F218A00CD2FE9 /* Debug */,
				8BB1A55A1A0F218A00CD2FE9 /* Release */,
			);
			defaultConfigurationIsVisible = 0;
			defaultConfigurationName = Release;
		};
		8BB1A55B1A0F218A00CD2FE9 /* Build configuration list for PBXNativeTarget "EpicEverything" */ = {
			isa = XCConfigurationList;
			buildConfigurations = (
				8BB1A55C1A0F218A00CD2FE9 /* Debug */,
				8BB1A55D1A0F218A00CD2FE9 /* Release */,
			);
			defaultConfigurationIsVisible = 0;
			defaultConfigurationName = Release;
		};
		8BB1A55E1A0F218A00CD2FE9 /* Build configuration list for PBXNativeTarget "EpicEverythingTests" */ = {
			isa = XCConfigurationList;
			buildConfigurations = (
				8BB1A55F1A0F218A00CD2FE9 /* Debug */,
				8BB1A5601A0F218A00CD2FE9 /* Release */,
			);
			defaultConfigurationIsVisible = 0;
			defaultConfigurationName = Release;
		};
/* End XCConfigurationList section */
	};
	rootObject = 8BB1A5301A0F218A00CD2FE9 /* Project object */;
}
