// !$*UTF8*$!
{
	archiveVersion = 1;
	classes = {
	};
	objectVersion = 46;
	objects = {

/* Begin PBXBuildFile section */
		1890E52F8B997666001E6434 /* libPods.a in Frameworks */ = {isa = PBXBuildFile; fileRef = B8439F5EC4DE85BEDAB0EC52 /* libPods.a */; };
		8B8375B31A0F288700A2CF18 /* UBGameViewController.m in Sources */ = {isa = PBXBuildFile; fileRef = 8B8375B21A0F288700A2CF18 /* UBGameViewController.m */; };
		8B8375B61A0F312700A2CF18 /* UBMenuView.m in Sources */ = {isa = PBXBuildFile; fileRef = 8B8375B51A0F312700A2CF18 /* UBMenuView.m */; };
		8B8375B91A0F313300A2CF18 /* UBGameView.m in Sources */ = {isa = PBXBuildFile; fileRef = 8B8375B81A0F313300A2CF18 /* UBGameView.m */; };
		8B8375BC1A0F315E00A2CF18 /* UBResultViewController.m in Sources */ = {isa = PBXBuildFile; fileRef = 8B8375BB1A0F315E00A2CF18 /* UBResultViewController.m */; };
		8B8375BF1A0F318300A2CF18 /* UBResultsView.m in Sources */ = {isa = PBXBuildFile; fileRef = 8B8375BE1A0F318300A2CF18 /* UBResultsView.m */; };
		8B8375C31A0F31F600A2CF18 /* UIColor+UBColors.m in Sources */ = {isa = PBXBuildFile; fileRef = 8B8375C21A0F31F600A2CF18 /* UIColor+UBColors.m */; };
		8B8375C61A0F320700A2CF18 /* UIImage+UBImage.m in Sources */ = {isa = PBXBuildFile; fileRef = 8B8375C51A0F320700A2CF18 /* UIImage+UBImage.m */; };
		8BB1A53E1A0F218A00CD2FE9 /* main.m in Sources */ = {isa = PBXBuildFile; fileRef = 8BB1A53D1A0F218A00CD2FE9 /* main.m */; };
		8BB1A5411A0F218A00CD2FE9 /* AppDelegate.m in Sources */ = {isa = PBXBuildFile; fileRef = 8BB1A5401A0F218A00CD2FE9 /* AppDelegate.m */; };
		8BB1A5441A0F218A00CD2FE9 /* UBMenuViewController.m in Sources */ = {isa = PBXBuildFile; fileRef = 8BB1A5431A0F218A00CD2FE9 /* UBMenuViewController.m */; };
		8BB1A5471A0F218A00CD2FE9 /* Main.storyboard in Resources */ = {isa = PBXBuildFile; fileRef = 8BB1A5451A0F218A00CD2FE9 /* Main.storyboard */; };
		8BB1A5491A0F218A00CD2FE9 /* Images.xcassets in Resources */ = {isa = PBXBuildFile; fileRef = 8BB1A5481A0F218A00CD2FE9 /* Images.xcassets */; };
		8BB1A54C1A0F218A00CD2FE9 /* LaunchScreen.xib in Resources */ = {isa = PBXBuildFile; fileRef = 8BB1A54A1A0F218A00CD2FE9 /* LaunchScreen.xib */; };
		8BB1A5581A0F218A00CD2FE9 /* EpicEverythingTests.m in Sources */ = {isa = PBXBuildFile; fileRef = 8BB1A5571A0F218A00CD2FE9 /* EpicEverythingTests.m */; };
/* End PBXBuildFile section */

/* Begin PBXContainerItemProxy section */
		8BB1A5521A0F218A00CD2FE9 /* PBXContainerItemProxy */ = {
			isa = PBXContainerItemProxy;
			containerPortal = 8BB1A5301A0F218A00CD2FE9 /* Project object */;
			proxyType = 1;
			remoteGlobalIDString = 8BB1A5371A0F218A00CD2FE9;
			remoteInfo = EpicEverything;
		};
/* End PBXContainerItemProxy section */

/* Begin PBXFileReference section */
		48A545825A3DE9B07ECCFDED /* Pods.debug.xcconfig */ = {isa = PBXFileReference; includeInIndex = 1; lastKnownFileType = text.xcconfig; name = Pods.debug.xcconfig; path = "Pods/Target Support Files/Pods/Pods.debug.xcconfig"; sourceTree = "<group>"; };
		60008AE9945BE410E1F1B830 /* Pods.release.xcconfig */ = {isa = PBXFileReference; includeInIndex = 1; lastKnownFileType = text.xcconfig; name = Pods.release.xcconfig; path = "Pods/Target Support Files/Pods/Pods.release.xcconfig"; sourceTree = "<group>"; };
		8B8375B11A0F288700A2CF18 /* UBGameViewController.h */ = {isa = PBXFileReference; fileEncoding = 4; lastKnownFileType = sourcecode.c.h; path = UBGameViewController.h; sourceTree = "<group>"; };
		8B8375B21A0F288700A2CF18 /* UBGameViewController.m */ = {isa = PBXFileReference; fileEncoding = 4; lastKnownFileType = sourcecode.c.objc; path = UBGameViewController.m; sourceTree = "<group>"; };
		8B8375B41A0F312700A2CF18 /* UBMenuView.h */ = {isa = PBXFileReference; fileEncoding = 4; lastKnownFileType = sourcecode.c.h; path = UBMenuView.h; sourceTree = "<group>"; };
		8B8375B51A0F312700A2CF18 /* UBMenuView.m */ = {isa = PBXFileReference; fileEncoding = 4; lastKnownFileType = sourcecode.c.objc; path = UBMenuView.m; sourceTree = "<group>"; };
		8B8375B71A0F313300A2CF18 /* UBGameView.h */ = {isa = PBXFileReference; fileEncoding = 4; lastKnownFileType = sourcecode.c.h; path = UBGameView.h; sourceTree = "<group>"; };
		8B8375B81A0F313300A2CF18 /* UBGameView.m */ = {isa = PBXFileReference; fileEncoding = 4; lastKnownFileType = sourcecode.c.objc; path = UBGameView.m; sourceTree = "<group>"; };
		8B8375BA1A0F315E00A2CF18 /* UBResultViewController.h */ = {isa = PBXFileReference; fileEncoding = 4; lastKnownFileType = sourcecode.c.h; path = UBResultViewController.h; sourceTree = "<group>"; };
		8B8375BB1A0F315E00A2CF18 /* UBResultViewController.m */ = {isa = PBXFileReference; fileEncoding = 4; lastKnownFileType = sourcecode.c.objc; path = UBResultViewController.m; sourceTree = "<group>"; };
		8B8375BD1A0F318300A2CF18 /* UBResultsView.h */ = {isa = PBXFileReference; fileEncoding = 4; lastKnownFileType = sourcecode.c.h; path = UBResultsView.h; sourceTree = "<group>"; };
		8B8375BE1A0F318300A2CF18 /* UBResultsView.m */ = {isa = PBXFileReference; fileEncoding = 4; lastKnownFileType = sourcecode.c.objc; path = UBResultsView.m; sourceTree = "<group>"; };
		8B8375C11A0F31F600A2CF18 /* UIColor+UBColors.h */ = {isa = PBXFileReference; fileEncoding = 4; lastKnownFileType = sourcecode.c.h; path = "UIColor+UBColors.h"; sourceTree = "<group>"; };
		8B8375C21A0F31F600A2CF18 /* UIColor+UBColors.m */ = {isa = PBXFileReference; fileEncoding = 4; lastKnownFileType = sourcecode.c.objc; path = "UIColor+UBColors.m"; sourceTree = "<group>"; };
		8B8375C41A0F320700A2CF18 /* UIImage+UBImage.h */ = {isa = PBXFileReference; fileEncoding = 4; lastKnownFileType = sourcecode.c.h; path = "UIImage+UBImage.h"; sourceTree = "<group>"; };
		8B8375C51A0F320700A2CF18 /* UIImage+UBImage.m */ = {isa = PBXFileReference; fileEncoding = 4; lastKnownFileType = sourcecode.c.objc; path = "UIImage+UBImage.m"; sourceTree = "<group>"; };
		8BB1A5381A0F218A00CD2FE9 /* EpicEverything.app */ = {isa = PBXFileReference; explicitFileType = wrapper.application; includeInIndex = 0; path = EpicEverything.app; sourceTree = BUILT_PRODUCTS_DIR; };
		8BB1A53C1A0F218A00CD2FE9 /* Info.plist */ = {isa = PBXFileReference; lastKnownFileType = text.plist.xml; path = Info.plist; sourceTree = "<group>"; };
		8BB1A53D1A0F218A00CD2FE9 /* main.m */ = {isa = PBXFileReference; lastKnownFileType = sourcecode.c.objc; path = main.m; sourceTree = "<group>"; };
		8BB1A53F1A0F218A00CD2FE9 /* AppDelegate.h */ = {isa = PBXFileReference; lastKnownFileType = sourcecode.c.h; path = AppDelegate.h; sourceTree = "<group>"; };
		8BB1A5401A0F218A00CD2FE9 /* AppDelegate.m */ = {isa = PBXFileReference; lastKnownFileType = sourcecode.c.objc; path = AppDelegate.m; sourceTree = "<group>"; };
		8BB1A5421A0F218A00CD2FE9 /* UBMenuViewController.h */ = {isa = PBXFileReference; lastKnownFileType = sourcecode.c.h; path = UBMenuViewController.h; sourceTree = "<group>"; };
		8BB1A5431A0F218A00CD2FE9 /* UBMenuViewController.m */ = {isa = PBXFileReference; lastKnownFileType = sourcecode.c.objc; path = UBMenuViewController.m; sourceTree = "<group>"; };
		8BB1A5461A0F218A00CD2FE9 /* Base */ = {isa = PBXFileReference; lastKnownFileType = file.storyboard; name = Base; path = Base.lproj/Main.storyboard; sourceTree = "<group>"; };
		8BB1A5481A0F218A00CD2FE9 /* Images.xcassets */ = {isa = PBXFileReference; lastKnownFileType = folder.assetcatalog; path = Images.xcassets; sourceTree = "<group>"; };
		8BB1A54B1A0F218A00CD2FE9 /* Base */ = {isa = PBXFileReference; lastKnownFileType = file.xib; name = Base; path = Base.lproj/LaunchScreen.xib; sourceTree = "<group>"; };
		8BB1A5511A0F218A00CD2FE9 /* EpicEverythingTests.xctest */ = {isa = PBXFileReference; explicitFileType = wrapper.cfbundle; includeInIndex = 0; path = EpicEverythingTests.xctest; sourceTree = BUILT_PRODUCTS_DIR; };
		8BB1A5561A0F218A00CD2FE9 /* Info.plist */ = {isa = PBXFileReference; lastKnownFileType = text.plist.xml; path = Info.plist; sourceTree = "<group>"; };
		8BB1A5571A0F218A00CD2FE9 /* EpicEverythingTests.m */ = {isa = PBXFileReference; lastKnownFileType = sourcecode.c.objc; path = EpicEverythingTests.m; sourceTree = "<group>"; };
		B8439F5EC4DE85BEDAB0EC52 /* libPods.a */ = {isa = PBXFileReference; explicitFileType = archive.ar; includeInIndex = 0; path = libPods.a; sourceTree = BUILT_PRODUCTS_DIR; };
/* End PBXFileReference section */

/* Begin PBXFrameworksBuildPhase section */
		8BB1A5351A0F218A00CD2FE9 /* Frameworks */ = {
			isa = PBXFrameworksBuildPhase;
			buildActionMask = 2147483647;
			files = (
				1890E52F8B997666001E6434 /* libPods.a in Frameworks */,
			);
			runOnlyForDeploymentPostprocessing = 0;
		};
		8BB1A54E1A0F218A00CD2FE9 /* Frameworks */ = {
			isa = PBXFrameworksBuildPhase;
			buildActionMask = 2147483647;
			files = (
			);
			runOnlyForDeploymentPostprocessing = 0;
		};
/* End PBXFrameworksBuildPhase section */

/* Begin PBXGroup section */
		03994FAFCB2040854CF2B2C2 /* Frameworks */ = {
			isa = PBXGroup;
			children = (
				B8439F5EC4DE85BEDAB0EC52 /* libPods.a */,
			);
			name = Frameworks;
			sourceTree = "<group>";
		};
		87D3CDCC0D693451F2BAA6AB /* Pods */ = {
			isa = PBXGroup;
			children = (
				48A545825A3DE9B07ECCFDED /* Pods.debug.xcconfig */,
				60008AE9945BE410E1F1B830 /* Pods.release.xcconfig */,
			);
			name = Pods;
			sourceTree = "<group>";
		};
		8B8375AE1A0F26A800A2CF18 /* Controllers */ = {
			isa = PBXGroup;
			children = (
				8BB1A5421A0F218A00CD2FE9 /* UBMenuViewController.h */,
				8BB1A5431A0F218A00CD2FE9 /* UBMenuViewController.m */,
				8B8375B11A0F288700A2CF18 /* UBGameViewController.h */,
				8B8375B21A0F288700A2CF18 /* UBGameViewController.m */,
				8B8375BA1A0F315E00A2CF18 /* UBResultViewController.h */,
				8B8375BB1A0F315E00A2CF18 /* UBResultViewController.m */,
			);
			name = Controllers;
			sourceTree = "<group>";
		};
		8B8375AF1A0F276F00A2CF18 /* Views */ = {
			isa = PBXGroup;
			children = (
				8B8375B41A0F312700A2CF18 /* UBMenuView.h */,
				8B8375B51A0F312700A2CF18 /* UBMenuView.m */,
				8B8375B71A0F313300A2CF18 /* UBGameView.h */,
				8B8375B81A0F313300A2CF18 /* UBGameView.m */,
				8B8375BD1A0F318300A2CF18 /* UBResultsView.h */,
				8B8375BE1A0F318300A2CF18 /* UBResultsView.m */,
			);
			name = Views;
			sourceTree = "<group>";
		};
		8B8375B01A0F277700A2CF18 /* Models */ = {
			isa = PBXGroup;
			children = (
			);
			name = Models;
			sourceTree = "<group>";
		};
		8B8375C01A0F31D400A2CF18 /* Resources */ = {
			isa = PBXGroup;
			children = (
				8B8375C11A0F31F600A2CF18 /* UIColor+UBColors.h */,
				8B8375C21A0F31F600A2CF18 /* UIColor+UBColors.m */,
				8B8375C41A0F320700A2CF18 /* UIImage+UBImage.h */,
				8B8375C51A0F320700A2CF18 /* UIImage+UBImage.m */,
			);
			name = Resources;
			sourceTree = "<group>";
		};
		8BB1A52F1A0F218A00CD2FE9 = {
			isa = PBXGroup;
			children = (
				8BB1A53A1A0F218A00CD2FE9 /* EpicEverything */,
				8BB1A5541A0F218A00CD2FE9 /* EpicEverythingTests */,
				8BB1A5391A0F218A00CD2FE9 /* Products */,
				87D3CDCC0D693451F2BAA6AB /* Pods */,
				03994FAFCB2040854CF2B2C2 /* Frameworks */,
			);
			sourceTree = "<group>";
		};
		8BB1A5391A0F218A00CD2FE9 /* Products */ = {
			isa = PBXGroup;
			children = (
				8BB1A5381A0F218A00CD2FE9 /* EpicEverything.app */,
				8BB1A5511A0F218A00CD2FE9 /* EpicEverythingTests.xctest */,
			);
			name = Products;
			sourceTree = "<group>";
		};
		8BB1A53A1A0F218A00CD2FE9 /* EpicEverything */ = {
			isa = PBXGroup;
			children = (
				8BB1A53F1A0F218A00CD2FE9 /* AppDelegate.h */,
				8BB1A5401A0F218A00CD2FE9 /* AppDelegate.m */,
				8B8375B01A0F277700A2CF18 /* Models */,
				8B8375AF1A0F276F00A2CF18 /* Views */,
				8B8375AE1A0F26A800A2CF18 /* Controllers */,
				8B8375C01A0F31D400A2CF18 /* Resources */,
				8BB1A5451A0F218A00CD2FE9 /* Main.storyboard */,
				8BB1A5481A0F218A00CD2FE9 /* Images.xcassets */,
				8BB1A54A1A0F218A00CD2FE9 /* LaunchScreen.xib */,
				8BB1A53B1A0F218A00CD2FE9 /* Supporting Files */,
			);
			path = EpicEverything;
			sourceTree = "<group>";
		};
		8BB1A53B1A0F218A00CD2FE9 /* Supporting Files */ = {
			isa = PBXGroup;
			children = (
				8BB1A53C1A0F218A00CD2FE9 /* Info.plist */,
				8BB1A53D1A0F218A00CD2FE9 /* main.m */,
			);
			name = "Supporting Files";
			sourceTree = "<group>";
		};
		8BB1A5541A0F218A00CD2FE9 /* EpicEverythingTests */ = {
			isa = PBXGroup;
			children = (
				8BB1A5571A0F218A00CD2FE9 /* EpicEverythingTests.m */,
				8BB1A5551A0F218A00CD2FE9 /* Supporting Files */,
			);
			path = EpicEverythingTests;
			sourceTree = "<group>";
		};
		8BB1A5551A0F218A00CD2FE9 /* Supporting Files */ = {
			isa = PBXGroup;
			children = (
				8BB1A5561A0F218A00CD2FE9 /* Info.plist */,
			);
			name = "Supporting Files";
			sourceTree = "<group>";
		};
/* End PBXGroup section */

/* Begin PBXNativeTarget section */
		8BB1A5371A0F218A00CD2FE9 /* EpicEverything */ = {
			isa = PBXNativeTarget;
			buildConfigurationList = 8BB1A55B1A0F218A00CD2FE9 /* Build configuration list for PBXNativeTarget "EpicEverything" */;
			buildPhases = (
				801F99DA2A55377C0E139F12 /* Check Pods Manifest.lock */,
				8BB1A5341A0F218A00CD2FE9 /* Sources */,
				8BB1A5351A0F218A00CD2FE9 /* Frameworks */,
				8BB1A5361A0F218A00CD2FE9 /* Resources */,
				9EAE239BF2EA7B40F3345BDA /* Copy Pods Resources */,
			);
			buildRules = (
			);
			dependencies = (
			);
			name = EpicEverything;
			productName = EpicEverything;
			productReference = 8BB1A5381A0F218A00CD2FE9 /* EpicEverything.app */;
			productType = "com.apple.product-type.application";
		};
		8BB1A5501A0F218A00CD2FE9 /* EpicEverythingTests */ = {
			isa = PBXNativeTarget;
			buildConfigurationList = 8BB1A55E1A0F218A00CD2FE9 /* Build configuration list for PBXNativeTarget "EpicEverythingTests" */;
			buildPhases = (
				8BB1A54D1A0F218A00CD2FE9 /* Sources */,
				8BB1A54E1A0F218A00CD2FE9 /* Frameworks */,
				8BB1A54F1A0F218A00CD2FE9 /* Resources */,
			);
			buildRules = (
			);
			dependencies = (
				8BB1A5531A0F218A00CD2FE9 /* PBXTargetDependency */,
			);
			name = EpicEverythingTests;
			productName = EpicEverythingTests;
			productReference = 8BB1A5511A0F218A00CD2FE9 /* EpicEverythingTests.xctest */;
			productType = "com.apple.product-type.bundle.unit-test";
		};
/* End PBXNativeTarget section */

/* Begin PBXProject section */
		8BB1A5301A0F218A00CD2FE9 /* Project object */ = {
			isa = PBXProject;
			attributes = {
				LastUpgradeCheck = 0610;
				ORGANIZATIONNAME = Unboard;
				TargetAttributes = {
					8BB1A5371A0F218A00CD2FE9 = {
						CreatedOnToolsVersion = 6.1;
					};
					8BB1A5501A0F218A00CD2FE9 = {
						CreatedOnToolsVersion = 6.1;
						TestTargetID = 8BB1A5371A0F218A00CD2FE9;
					};
				};
			};
			buildConfigurationList = 8BB1A5331A0F218A00CD2FE9 /* Build configuration list for PBXProject "EpicEverything" */;
			compatibilityVersion = "Xcode 3.2";
			developmentRegion = English;
			hasScannedForEncodings = 0;
			knownRegions = (
				en,
				Base,
			);
			mainGroup = 8BB1A52F1A0F218A00CD2FE9;
			productRefGroup = 8BB1A5391A0F218A00CD2FE9 /* Products */;
			projectDirPath = "";
			projectRoot = "";
			targets = (
				8BB1A5371A0F218A00CD2FE9 /* EpicEverything */,
				8BB1A5501A0F218A00CD2FE9 /* EpicEverythingTests */,
			);
		};
/* End PBXProject section */

/* Begin PBXResourcesBuildPhase section */
		8BB1A5361A0F218A00CD2FE9 /* Resources */ = {
			isa = PBXResourcesBuildPhase;
			buildActionMask = 2147483647;
			files = (
				8BB1A5471A0F218A00CD2FE9 /* Main.storyboard in Resources */,
				8BB1A54C1A0F218A00CD2FE9 /* LaunchScreen.xib in Resources */,
				8BB1A5491A0F218A00CD2FE9 /* Images.xcassets in Resources */,
			);
			runOnlyForDeploymentPostprocessing = 0;
		};
		8BB1A54F1A0F218A00CD2FE9 /* Resources */ = {
			isa = PBXResourcesBuildPhase;
			buildActionMask = 2147483647;
			files = (
			);
			runOnlyForDeploymentPostprocessing = 0;
		};
/* End PBXResourcesBuildPhase section */

/* Begin PBXShellScriptBuildPhase section */
		801F99DA2A55377C0E139F12 /* Check Pods Manifest.lock */ = {
			isa = PBXShellScriptBuildPhase;
			buildActionMask = 2147483647;
			files = (
			);
			inputPaths = (
			);
			name = "Check Pods Manifest.lock";
			outputPaths = (
			);
			runOnlyForDeploymentPostprocessing = 0;
			shellPath = /bin/sh;
			shellScript = "diff \"${PODS_ROOT}/../Podfile.lock\" \"${PODS_ROOT}/Manifest.lock\" > /dev/null\nif [[ $? != 0 ]] ; then\n    cat << EOM\nerror: The sandbox is not in sync with the Podfile.lock. Run 'pod install' or update your CocoaPods installation.\nEOM\n    exit 1\nfi\n";
			showEnvVarsInLog = 0;
		};
		9EAE239BF2EA7B40F3345BDA /* Copy Pods Resources */ = {
			isa = PBXShellScriptBuildPhase;
			buildActionMask = 2147483647;
			files = (
			);
			inputPaths = (
			);
			name = "Copy Pods Resources";
			outputPaths = (
			);
			runOnlyForDeploymentPostprocessing = 0;
			shellPath = /bin/sh;
			shellScript = "\"${SRCROOT}/Pods/Target Support Files/Pods/Pods-resources.sh\"\n";
			showEnvVarsInLog = 0;
		};
/* End PBXShellScriptBuildPhase section */

/* Begin PBXSourcesBuildPhase section */
		8BB1A5341A0F218A00CD2FE9 /* Sources */ = {
			isa = PBXSourcesBuildPhase;
			buildActionMask = 2147483647;
			files = (
				8B8375C61A0F320700A2CF18 /* UIImage+UBImage.m in Sources */,
				8B8375BC1A0F315E00A2CF18 /* UBResultViewController.m in Sources */,
				8B8375B31A0F288700A2CF18 /* UBGameViewController.m in Sources */,
				8B8375B91A0F313300A2CF18 /* UBGameView.m in Sources */,
				8BB1A5441A0F218A00CD2FE9 /* UBMenuViewController.m in Sources */,
				8BB1A5411A0F218A00CD2FE9 /* AppDelegate.m in Sources */,
				8BB1A53E1A0F218A00CD2FE9 /* main.m in Sources */,
				8B8375BF1A0F318300A2CF18 /* UBResultsView.m in Sources */,
				8B8375C31A0F31F600A2CF18 /* UIColor+UBColors.m in Sources */,
				8B8375B61A0F312700A2CF18 /* UBMenuView.m in Sources */,
			);
			runOnlyForDeploymentPostprocessing = 0;
		};
		8BB1A54D1A0F218A00CD2FE9 /* Sources */ = {
			isa = PBXSourcesBuildPhase;
			buildActionMask = 2147483647;
			files = (
				8BB1A5581A0F218A00CD2FE9 /* EpicEverythingTests.m in Sources */,
			);
			runOnlyForDeploymentPostprocessing = 0;
		};
/* End PBXSourcesBuildPhase section */

/* Begin PBXTargetDependency section */
		8BB1A5531A0F218A00CD2FE9 /* PBXTargetDependency */ = {
			isa = PBXTargetDependency;
			target = 8BB1A5371A0F218A00CD2FE9 /* EpicEverything */;
			targetProxy = 8BB1A5521A0F218A00CD2FE9 /* PBXContainerItemProxy */;
		};
/* End PBXTargetDependency section */

/* Begin PBXVariantGroup section */
		8BB1A5451A0F218A00CD2FE9 /* Main.storyboard */ = {
			isa = PBXVariantGroup;
			children = (
				8BB1A5461A0F218A00CD2FE9 /* Base */,
			);
			name = Main.storyboard;
			sourceTree = "<group>";
		};
		8BB1A54A1A0F218A00CD2FE9 /* LaunchScreen.xib */ = {
			isa = PBXVariantGroup;
			children = (
				8BB1A54B1A0F218A00CD2FE9 /* Base */,
			);
			name = LaunchScreen.xib;
			sourceTree = "<group>";
		};
/* End PBXVariantGroup section */

/* Begin XCBuildConfiguration section */
		8BB1A5591A0F218A00CD2FE9 /* Debug */ = {
			isa = XCBuildConfiguration;
			buildSettings = {
				ALWAYS_SEARCH_USER_PATHS = NO;
				CLANG_CXX_LANGUAGE_STANDARD = "gnu++0x";
				CLANG_CXX_LIBRARY = "libc++";
				CLANG_ENABLE_MODULES = YES;
				CLANG_ENABLE_OBJC_ARC = YES;
				CLANG_WARN_BOOL_CONVERSION = YES;
				CLANG_WARN_CONSTANT_CONVERSION = YES;
				CLANG_WARN_DIRECT_OBJC_ISA_USAGE = YES_ERROR;
				CLANG_WARN_EMPTY_BODY = YES;
				CLANG_WARN_ENUM_CONVERSION = YES;
				CLANG_WARN_INT_CONVERSION = YES;
				CLANG_WARN_OBJC_ROOT_CLASS = YES_ERROR;
				CLANG_WARN_UNREACHABLE_CODE = YES;
				CLANG_WARN__DUPLICATE_METHOD_MATCH = YES;
				"CODE_SIGN_IDENTITY[sdk=iphoneos*]" = "iPhone Developer";
				COPY_PHASE_STRIP = NO;
				ENABLE_STRICT_OBJC_MSGSEND = YES;
				GCC_C_LANGUAGE_STANDARD = gnu99;
				GCC_DYNAMIC_NO_PIC = NO;
				GCC_OPTIMIZATION_LEVEL = 0;
				GCC_PREPROCESSOR_DEFINITIONS = (
					"DEBUG=1",
					"$(inherited)",
				);
				GCC_SYMBOLS_PRIVATE_EXTERN = NO;
				GCC_WARN_64_TO_32_BIT_CONVERSION = YES;
				GCC_WARN_ABOUT_RETURN_TYPE = YES_ERROR;
				GCC_WARN_UNDECLARED_SELECTOR = YES;
				GCC_WARN_UNINITIALIZED_AUTOS = YES_AGGRESSIVE;
				GCC_WARN_UNUSED_FUNCTION = YES;
				GCC_WARN_UNUSED_VARIABLE = YES;
				IPHONEOS_DEPLOYMENT_TARGET = 8.1;
				MTL_ENABLE_DEBUG_INFO = YES;
				ONLY_ACTIVE_ARCH = YES;
				SDKROOT = iphoneos;
			};
			name = Debug;
		};
		8BB1A55A1A0F218A00CD2FE9 /* Release */ = {
			isa = XCBuildConfiguration;
			buildSettings = {
				ALWAYS_SEARCH_USER_PATHS = NO;
				CLANG_CXX_LANGUAGE_STANDARD = "gnu++0x";
				CLANG_CXX_LIBRARY = "libc++";
				CLANG_ENABLE_MODULES = YES;
				CLANG_ENABLE_OBJC_ARC = YES;
				CLANG_WARN_BOOL_CONVERSION = YES;
				CLANG_WARN_CONSTANT_CONVERSION = YES;
				CLANG_WARN_DIRECT_OBJC_ISA_USAGE = YES_ERROR;
				CLANG_WARN_EMPTY_BODY = YES;
				CLANG_WARN_ENUM_CONVERSION = YES;
				CLANG_WARN_INT_CONVERSION = YES;
				CLANG_WARN_OBJC_ROOT_CLASS = YES_ERROR;
				CLANG_WARN_UNREACHABLE_CODE = YES;
				CLANG_WARN__DUPLICATE_METHOD_MATCH = YES;
				"CODE_SIGN_IDENTITY[sdk=iphoneos*]" = "iPhone Developer";
				COPY_PHASE_STRIP = YES;
				ENABLE_NS_ASSERTIONS = NO;
				ENABLE_STRICT_OBJC_MSGSEND = YES;
				GCC_C_LANGUAGE_STANDARD = gnu99;
				GCC_WARN_64_TO_32_BIT_CONVERSION = YES;
				GCC_WARN_ABOUT_RETURN_TYPE = YES_ERROR;
				GCC_WARN_UNDECLARED_SELECTOR = YES;
				GCC_WARN_UNINITIALIZED_AUTOS = YES_AGGRESSIVE;
				GCC_WARN_UNUSED_FUNCTION = YES;
				GCC_WARN_UNUSED_VARIABLE = YES;
				IPHONEOS_DEPLOYMENT_TARGET = 8.1;
				MTL_ENABLE_DEBUG_INFO = NO;
				SDKROOT = iphoneos;
				VALIDATE_PRODUCT = YES;
			};
			name = Release;
		};
		8BB1A55C1A0F218A00CD2FE9 /* Debug */ = {
			isa = XCBuildConfiguration;
			baseConfigurationReference = 48A545825A3DE9B07ECCFDED /* Pods.debug.xcconfig */;
			buildSettings = {
				ASSETCATALOG_COMPILER_APPICON_NAME = AppIcon;
				INFOPLIST_FILE = EpicEverything/Info.plist;
				LD_RUNPATH_SEARCH_PATHS = "$(inherited) @executable_path/Frameworks";
				PRODUCT_NAME = "$(TARGET_NAME)";
			};
			name = Debug;
		};
		8BB1A55D1A0F218A00CD2FE9 /* Release */ = {
			isa = XCBuildConfiguration;
			baseConfigurationReference = 60008AE9945BE410E1F1B830 /* Pods.release.xcconfig */;
			buildSettings = {
				ASSETCATALOG_COMPILER_APPICON_NAME = AppIcon;
				INFOPLIST_FILE = EpicEverything/Info.plist;
				LD_RUNPATH_SEARCH_PATHS = "$(inherited) @executable_path/Frameworks";
				PRODUCT_NAME = "$(TARGET_NAME)";
			};
			name = Release;
		};
		8BB1A55F1A0F218A00CD2FE9 /* Debug */ = {
			isa = XCBuildConfiguration;
			buildSettings = {
				BUNDLE_LOADER = "$(TEST_HOST)";
				FRAMEWORK_SEARCH_PATHS = (
					"$(SDKROOT)/Developer/Library/Frameworks",
					"$(inherited)",
				);
				GCC_PREPROCESSOR_DEFINITIONS = (
					"DEBUG=1",
					"$(inherited)",
				);
				INFOPLIST_FILE = EpicEverythingTests/Info.plist;
				LD_RUNPATH_SEARCH_PATHS = "$(inherited) @executable_path/Frameworks @loader_path/Frameworks";
				PRODUCT_NAME = "$(TARGET_NAME)";
				TEST_HOST = "$(BUILT_PRODUCTS_DIR)/EpicEverything.app/EpicEverything";
			};
			name = Debug;
		};
		8BB1A5601A0F218A00CD2FE9 /* Release */ = {
			isa = XCBuildConfiguration;
			buildSettings = {
				BUNDLE_LOADER = "$(TEST_HOST)";
				FRAMEWORK_SEARCH_PATHS = (
					"$(SDKROOT)/Developer/Library/Frameworks",
					"$(inherited)",
				);
				INFOPLIST_FILE = EpicEverythingTests/Info.plist;
				LD_RUNPATH_SEARCH_PATHS = "$(inherited) @executable_path/Frameworks @loader_path/Frameworks";
				PRODUCT_NAME = "$(TARGET_NAME)";
				TEST_HOST = "$(BUILT_PRODUCTS_DIR)/EpicEverything.app/EpicEverything";
			};
			name = Release;
		};
/* End XCBuildConfiguration section */

/* Begin XCConfigurationList section */
		8BB1A5331A0F218A00CD2FE9 /* Build configuration list for PBXProject "EpicEverything" */ = {
			isa = XCConfigurationList;
			buildConfigurations = (
				8BB1A5591A0F218A00CD2FE9 /* Debug */,
				8BB1A55A1A0F218A00CD2FE9 /* Release */,
			);
			defaultConfigurationIsVisible = 0;
			defaultConfigurationName = Release;
		};
		8BB1A55B1A0F218A00CD2FE9 /* Build configuration list for PBXNativeTarget "EpicEverything" */ = {
			isa = XCConfigurationList;
			buildConfigurations = (
				8BB1A55C1A0F218A00CD2FE9 /* Debug */,
				8BB1A55D1A0F218A00CD2FE9 /* Release */,
			);
			defaultConfigurationIsVisible = 0;
			defaultConfigurationName = Release;
		};
		8BB1A55E1A0F218A00CD2FE9 /* Build configuration list for PBXNativeTarget "EpicEverythingTests" */ = {
			isa = XCConfigurationList;
			buildConfigurations = (
				8BB1A55F1A0F218A00CD2FE9 /* Debug */,
				8BB1A5601A0F218A00CD2FE9 /* Release */,
			);
			defaultConfigurationIsVisible = 0;
			defaultConfigurationName = Release;
		};
/* End XCConfigurationList section */
	};
	rootObject = 8BB1A5301A0F218A00CD2FE9 /* Project object */;
}
